
Microsoft Visual Studio Solution File, Format Version 12.00
# Visual Studio 15
VisualStudioVersion = 15.0.27130.2010
MinimumVisualStudioVersion = 10.0.40219.1
Project("{FAE04EC0-301F-11D3-BF4B-00C04F79EFBC}") = "Todo", "Todo\Todo.csproj", "{8898C0DF-0D3E-45F8-9E78-E74E8D1C869F}"
EndProject
Global
	GlobalSection(SolutionConfigurationPlatforms) = preSolution
		Debug|Any CPU = Debug|Any CPU
		Release|Any CPU = Release|Any CPU
	EndGlobalSection
	GlobalSection(ProjectConfigurationPlatforms) = postSolution
		{8898C0DF-0D3E-45F8-9E78-E74E8D1C869F}.Debug|Any CPU.ActiveCfg = Debug|Any CPU
		{8898C0DF-0D3E-45F8-9E78-E74E8D1C869F}.Debug|Any CPU.Build.0 = Debug|Any CPU
		{8898C0DF-0D3E-45F8-9E78-E74E8D1C869F}.Release|Any CPU.ActiveCfg = Release|Any CPU
		{8898C0DF-0D3E-45F8-9E78-E74E8D1C869F}.Release|Any CPU.Build.0 = Release|Any CPU
	EndGlobalSection
	GlobalSection(SolutionProperties) = preSolution
		HideSolutionNode = FALSE
	EndGlobalSection
	GlobalSection(ExtensibilityGlobals) = postSolution
		SolutionGuid = {AE69799A-E61C-4D9D-A189-945BF292C0BF}
	EndGlobalSection
EndGlobal
